// !$*UTF8*$!
{
	archiveVersion = 1;
	classes = {
	};
	objectVersion = 46;
	objects = {

/* Begin PBXBuildFile section */
		343B9EC419ED341700A3F8B6 /* SagradaFamilia.jpeg in Resources */ = {isa = PBXBuildFile; fileRef = 343B9EC319ED341700A3F8B6 /* SagradaFamilia.jpeg */; };
		346FB96C19EBFA8F00DE38C1 /* AppDelegate.swift in Sources */ = {isa = PBXBuildFile; fileRef = 346FB96B19EBFA8F00DE38C1 /* AppDelegate.swift */; };
		346FB96E19EBFA8F00DE38C1 /* ViewController.swift in Sources */ = {isa = PBXBuildFile; fileRef = 346FB96D19EBFA8F00DE38C1 /* ViewController.swift */; };
		346FB97119EBFA8F00DE38C1 /* Main.storyboard in Resources */ = {isa = PBXBuildFile; fileRef = 346FB96F19EBFA8F00DE38C1 /* Main.storyboard */; };
		346FB97319EBFA8F00DE38C1 /* Images.xcassets in Resources */ = {isa = PBXBuildFile; fileRef = 346FB97219EBFA8F00DE38C1 /* Images.xcassets */; };
		346FB97619EBFA8F00DE38C1 /* LaunchScreen.xib in Resources */ = {isa = PBXBuildFile; fileRef = 346FB97419EBFA8F00DE38C1 /* LaunchScreen.xib */; };
		346FB98219EBFA8F00DE38C1 /* PostcardTests.swift in Sources */ = {isa = PBXBuildFile; fileRef = 346FB98119EBFA8F00DE38C1 /* PostcardTests.swift */; };
		3498B73F19FFAAC30012BCF1 /* AlbertEinsteinStamp.jpg in Resources */ = {isa = PBXBuildFile; fileRef = 3498B73E19FFAAC30012BCF1 /* AlbertEinsteinStamp.jpg */; };
/* End PBXBuildFile section */

/* Begin PBXContainerItemProxy section */
		346FB97C19EBFA8F00DE38C1 /* PBXContainerItemProxy */ = {
			isa = PBXContainerItemProxy;
			containerPortal = 346FB95E19EBFA8F00DE38C1 /* Project object */;
			proxyType = 1;
			remoteGlobalIDString = 346FB96519EBFA8F00DE38C1;
			remoteInfo = Postcard;
		};
/* End PBXContainerItemProxy section */

/* Begin PBXFileReference section */
		343B9EC319ED341700A3F8B6 /* SagradaFamilia.jpeg */ = {isa = PBXFileReference; lastKnownFileType = image.jpeg; path = SagradaFamilia.jpeg; sourceTree = "<group>"; };
		346FB96619EBFA8F00DE38C1 /* Postcard.app */ = {isa = PBXFileReference; explicitFileType = wrapper.application; includeInIndex = 0; path = Postcard.app; sourceTree = BUILT_PRODUCTS_DIR; };
		346FB96A19EBFA8F00DE38C1 /* Info.plist */ = {isa = PBXFileReference; lastKnownFileType = text.plist.xml; path = Info.plist; sourceTree = "<group>"; };
		346FB96B19EBFA8F00DE38C1 /* AppDelegate.swift */ = {isa = PBXFileReference; lastKnownFileType = sourcecode.swift; path = AppDelegate.swift; sourceTree = "<group>"; };
		346FB96D19EBFA8F00DE38C1 /* ViewController.swift */ = {isa = PBXFileReference; lastKnownFileType = sourcecode.swift; path = ViewController.swift; sourceTree = "<group>"; };
		346FB97019EBFA8F00DE38C1 /* Base */ = {isa = PBXFileReference; lastKnownFileType = file.storyboard; name = Base; path = Base.lproj/Main.storyboard; sourceTree = "<group>"; };
		346FB97219EBFA8F00DE38C1 /* Images.xcassets */ = {isa = PBXFileReference; lastKnownFileType = folder.assetcatalog; path = Images.xcassets; sourceTree = "<group>"; };
		346FB97519EBFA8F00DE38C1 /* Base */ = {isa = PBXFileReference; lastKnownFileType = file.xib; name = Base; path = Base.lproj/LaunchScreen.xib; sourceTree = "<group>"; };
		346FB97B19EBFA8F00DE38C1 /* PostcardTests.xctest */ = {isa = PBXFileReference; explicitFileType = wrapper.cfbundle; includeInIndex = 0; path = PostcardTests.xctest; sourceTree = BUILT_PRODUCTS_DIR; };
		346FB98019EBFA8F00DE38C1 /* Info.plist */ = {isa = PBXFileReference; lastKnownFileType = text.plist.xml; path = Info.plist; sourceTree = "<group>"; };
		346FB98119EBFA8F00DE38C1 /* PostcardTests.swift */ = {isa = PBXFileReference; lastKnownFileType = sourcecode.swift; path = PostcardTests.swift; sourceTree = "<group>"; };
		3498B73E19FFAAC30012BCF1 /* AlbertEinsteinStamp.jpg */ = {isa = PBXFileReference; lastKnownFileType = image.jpeg; path = AlbertEinsteinStamp.jpg; sourceTree = "<group>"; };
/* End PBXFileReference section */

/* Begin PBXFrameworksBuildPhase section */
		346FB96319EBFA8F00DE38C1 /* Frameworks */ = {
			isa = PBXFrameworksBuildPhase;
			buildActionMask = 2147483647;
			files = (
			);
			runOnlyForDeploymentPostprocessing = 0;
		};
		346FB97819EBFA8F00DE38C1 /* Frameworks */ = {
			isa = PBXFrameworksBuildPhase;
			buildActionMask = 2147483647;
			files = (
			);
			runOnlyForDeploymentPostprocessing = 0;
		};
/* End PBXFrameworksBuildPhase section */

/* Begin PBXGroup section */
		346FB95D19EBFA8F00DE38C1 = {
			isa = PBXGroup;
			children = (
				346FB96819EBFA8F00DE38C1 /* Postcard */,
				346FB97E19EBFA8F00DE38C1 /* PostcardTests */,
				346FB96719EBFA8F00DE38C1 /* Products */,
			);
			sourceTree = "<group>";
		};
		346FB96719EBFA8F00DE38C1 /* Products */ = {
			isa = PBXGroup;
			children = (
				346FB96619EBFA8F00DE38C1 /* Postcard.app */,
				346FB97B19EBFA8F00DE38C1 /* PostcardTests.xctest */,
			);
			name = Products;
			sourceTree = "<group>";
		};
		346FB96819EBFA8F00DE38C1 /* Postcard */ = {
			isa = PBXGroup;
			children = (
				346FB96B19EBFA8F00DE38C1 /* AppDelegate.swift */,
				346FB96D19EBFA8F00DE38C1 /* ViewController.swift */,
				346FB96F19EBFA8F00DE38C1 /* Main.storyboard */,
				346FB97219EBFA8F00DE38C1 /* Images.xcassets */,
				346FB97419EBFA8F00DE38C1 /* LaunchScreen.xib */,
				346FB96919EBFA8F00DE38C1 /* Supporting Files */,
			);
			path = Postcard;
			sourceTree = "<group>";
		};
		346FB96919EBFA8F00DE38C1 /* Supporting Files */ = {
			isa = PBXGroup;
			children = (
				3498B73E19FFAAC30012BCF1 /* AlbertEinsteinStamp.jpg */,
				343B9EC319ED341700A3F8B6 /* SagradaFamilia.jpeg */,
				346FB96A19EBFA8F00DE38C1 /* Info.plist */,
			);
			name = "Supporting Files";
			sourceTree = "<group>";
		};
		346FB97E19EBFA8F00DE38C1 /* PostcardTests */ = {
			isa = PBXGroup;
			children = (
				346FB98119EBFA8F00DE38C1 /* PostcardTests.swift */,
				346FB97F19EBFA8F00DE38C1 /* Supporting Files */,
			);
			path = PostcardTests;
			sourceTree = "<group>";
		};
		346FB97F19EBFA8F00DE38C1 /* Supporting Files */ = {
			isa = PBXGroup;
			children = (
				346FB98019EBFA8F00DE38C1 /* Info.plist */,
			);
			name = "Supporting Files";
			sourceTree = "<group>";
		};
/* End PBXGroup section */

/* Begin PBXNativeTarget section */
		346FB96519EBFA8F00DE38C1 /* Postcard */ = {
			isa = PBXNativeTarget;
			buildConfigurationList = 346FB98519EBFA8F00DE38C1 /* Build configuration list for PBXNativeTarget "Postcard" */;
			buildPhases = (
				346FB96219EBFA8F00DE38C1 /* Sources */,
				346FB96319EBFA8F00DE38C1 /* Frameworks */,
				346FB96419EBFA8F00DE38C1 /* Resources */,
			);
			buildRules = (
			);
			dependencies = (
			);
			name = Postcard;
			productName = Postcard;
			productReference = 346FB96619EBFA8F00DE38C1 /* Postcard.app */;
			productType = "com.apple.product-type.application";
		};
		346FB97A19EBFA8F00DE38C1 /* PostcardTests */ = {
			isa = PBXNativeTarget;
			buildConfigurationList = 346FB98819EBFA8F00DE38C1 /* Build configuration list for PBXNativeTarget "PostcardTests" */;
			buildPhases = (
				346FB97719EBFA8F00DE38C1 /* Sources */,
				346FB97819EBFA8F00DE38C1 /* Frameworks */,
				346FB97919EBFA8F00DE38C1 /* Resources */,
			);
			buildRules = (
			);
			dependencies = (
				346FB97D19EBFA8F00DE38C1 /* PBXTargetDependency */,
			);
			name = PostcardTests;
			productName = PostcardTests;
			productReference = 346FB97B19EBFA8F00DE38C1 /* PostcardTests.xctest */;
			productType = "com.apple.product-type.bundle.unit-test";
		};
/* End PBXNativeTarget section */

/* Begin PBXProject section */
		346FB95E19EBFA8F00DE38C1 /* Project object */ = {
			isa = PBXProject;
			attributes = {
				LastUpgradeCheck = 0600;
				ORGANIZATIONNAME = Kwadwo;
				TargetAttributes = {
					346FB96519EBFA8F00DE38C1 = {
						CreatedOnToolsVersion = 6.0.1;
					};
					346FB97A19EBFA8F00DE38C1 = {
						CreatedOnToolsVersion = 6.0.1;
						TestTargetID = 346FB96519EBFA8F00DE38C1;
					};
				};
			};
			buildConfigurationList = 346FB96119EBFA8F00DE38C1 /* Build configuration list for PBXProject "Postcard" */;
			compatibilityVersion = "Xcode 3.2";
			developmentRegion = English;
			hasScannedForEncodings = 0;
			knownRegions = (
				en,
				Base,
			);
			mainGroup = 346FB95D19EBFA8F00DE38C1;
			productRefGroup = 346FB96719EBFA8F00DE38C1 /* Products */;
			projectDirPath = "";
			projectRoot = "";
			targets = (
				346FB96519EBFA8F00DE38C1 /* Postcard */,
				346FB97A19EBFA8F00DE38C1 /* PostcardTests */,
			);
		};
/* End PBXProject section */

/* Begin PBXResourcesBuildPhase section */
		346FB96419EBFA8F00DE38C1 /* Resources */ = {
			isa = PBXResourcesBuildPhase;
			buildActionMask = 2147483647;
			files = (
				346FB97119EBFA8F00DE38C1 /* Main.storyboard in Resources */,
				343B9EC419ED341700A3F8B6 /* SagradaFamilia.jpeg in Resources */,
				3498B73F19FFAAC30012BCF1 /* AlbertEinsteinStamp.jpg in Resources */,
				346FB97619EBFA8F00DE38C1 /* LaunchScreen.xib in Resources */,
				346FB97319EBFA8F00DE38C1 /* Images.xcassets in Resources */,
			);
			runOnlyForDeploymentPostprocessing = 0;
		};
		346FB97919EBFA8F00DE38C1 /* Resources */ = {
			isa = PBXResourcesBuildPhase;
			buildActionMask = 2147483647;
			files = (
			);
			runOnlyForDeploymentPostprocessing = 0;
		};
/* End PBXResourcesBuildPhase section */

/* Begin PBXSourcesBuildPhase section */
		346FB96219EBFA8F00DE38C1 /* Sources */ = {
			isa = PBXSourcesBuildPhase;
			buildActionMask = 2147483647;
			files = (
				346FB96E19EBFA8F00DE38C1 /* ViewController.swift in Sources */,
				346FB96C19EBFA8F00DE38C1 /* AppDelegate.swift in Sources */,
			);
			runOnlyForDeploymentPostprocessing = 0;
		};
		346FB97719EBFA8F00DE38C1 /* Sources */ = {
			isa = PBXSourcesBuildPhase;
			buildActionMask = 2147483647;
			files = (
				346FB98219EBFA8F00DE38C1 /* PostcardTests.swift in Sources */,
			);
			runOnlyForDeploymentPostprocessing = 0;
		};
/* End PBXSourcesBuildPhase section */

/* Begin PBXTargetDependency section */
		346FB97D19EBFA8F00DE38C1 /* PBXTargetDependency */ = {
			isa = PBXTargetDependency;
			target = 346FB96519EBFA8F00DE38C1 /* Postcard */;
			targetProxy = 346FB97C19EBFA8F00DE38C1 /* PBXContainerItemProxy */;
		};
/* End PBXTargetDependency section */

/* Begin PBXVariantGroup section */
		346FB96F19EBFA8F00DE38C1 /* Main.storyboard */ = {
			isa = PBXVariantGroup;
			children = (
				346FB97019EBFA8F00DE38C1 /* Base */,
			);
			name = Main.storyboard;
			sourceTree = "<group>";
		};
		346FB97419EBFA8F00DE38C1 /* LaunchScreen.xib */ = {
			isa = PBXVariantGroup;
			children = (
				346FB97519EBFA8F00DE38C1 /* Base */,
			);
			name = LaunchScreen.xib;
			sourceTree = "<group>";
		};
/* End PBXVariantGroup section */

/* Begin XCBuildConfiguration section */
		346FB98319EBFA8F00DE38C1 /* Debug */ = {
			isa = XCBuildConfiguration;
			buildSettings = {
				ALWAYS_SEARCH_USER_PATHS = NO;
				CLANG_CXX_LANGUAGE_STANDARD = "gnu++0x";
				CLANG_CXX_LIBRARY = "libc++";
				CLANG_ENABLE_MODULES = YES;
				CLANG_ENABLE_OBJC_ARC = YES;
				CLANG_WARN_BOOL_CONVERSION = YES;
				CLANG_WARN_CONSTANT_CONVERSION = YES;
				CLANG_WARN_DIRECT_OBJC_ISA_USAGE = YES_ERROR;
				CLANG_WARN_EMPTY_BODY = YES;
				CLANG_WARN_ENUM_CONVERSION = YES;
				CLANG_WARN_INT_CONVERSION = YES;
				CLANG_WARN_OBJC_ROOT_CLASS = YES_ERROR;
				CLANG_WARN_UNREACHABLE_CODE = YES;
				CLANG_WARN__DUPLICATE_METHOD_MATCH = YES;
				"CODE_SIGN_IDENTITY[sdk=iphoneos*]" = "iPhone Developer";
				COPY_PHASE_STRIP = NO;
				ENABLE_STRICT_OBJC_MSGSEND = YES;
				GCC_C_LANGUAGE_STANDARD = gnu99;
				GCC_DYNAMIC_NO_PIC = NO;
				GCC_OPTIMIZATION_LEVEL = 0;
				GCC_PREPROCESSOR_DEFINITIONS = (
					"DEBUG=1",
					"$(inherited)",
				);
				GCC_SYMBOLS_PRIVATE_EXTERN = NO;
				GCC_WARN_64_TO_32_BIT_CONVERSION = YES;
				GCC_WARN_ABOUT_RETURN_TYPE = YES_ERROR;
				GCC_WARN_UNDECLARED_SELECTOR = YES;
				GCC_WARN_UNINITIALIZED_AUTOS = YES_AGGRESSIVE;
				GCC_WARN_UNUSED_FUNCTION = YES;
				GCC_WARN_UNUSED_VARIABLE = YES;
				IPHONEOS_DEPLOYMENT_TARGET = 8.0;
				MTL_ENABLE_DEBUG_INFO = YES;
				ONLY_ACTIVE_ARCH = YES;
				SDKROOT = iphoneos;
				SWIFT_OPTIMIZATION_LEVEL = "-Onone";
				TARGETED_DEVICE_FAMILY = "1,2";
			};
			name = Debug;
		};
		346FB98419EBFA8F00DE38C1 /* Release */ = {
			isa = XCBuildConfiguration;
			buildSettings = {
				ALWAYS_SEARCH_USER_PATHS = NO;
				CLANG_CXX_LANGUAGE_STANDARD = "gnu++0x";
				CLANG_CXX_LIBRARY = "libc++";
				CLANG_ENABLE_MODULES = YES;
				CLANG_ENABLE_OBJC_ARC = YES;
				CLANG_WARN_BOOL_CONVERSION = YES;
				CLANG_WARN_CONSTANT_CONVERSION = YES;
				CLANG_WARN_DIRECT_OBJC_ISA_USAGE = YES_ERROR;
				CLANG_WARN_EMPTY_BODY = YES;
				CLANG_WARN_ENUM_CONVERSION = YES;
				CLANG_WARN_INT_CONVERSION = YES;
				CLANG_WARN_OBJC_ROOT_CLASS = YES_ERROR;
				CLANG_WARN_UNREACHABLE_CODE = YES;
				CLANG_WARN__DUPLICATE_METHOD_MATCH = YES;
				"CODE_SIGN_IDENTITY[sdk=iphoneos*]" = "iPhone Developer";
				COPY_PHASE_STRIP = YES;
				ENABLE_NS_ASSERTIONS = NO;
				ENABLE_STRICT_OBJC_MSGSEND = YES;
				GCC_C_LANGUAGE_STANDARD = gnu99;
				GCC_WARN_64_TO_32_BIT_CONVERSION = YES;
				GCC_WARN_ABOUT_RETURN_TYPE = YES_ERROR;
				GCC_WARN_UNDECLARED_SELECTOR = YES;
				GCC_WARN_UNINITIALIZED_AUTOS = YES_AGGRESSIVE;
				GCC_WARN_UNUSED_FUNCTION = YES;
				GCC_WARN_UNUSED_VARIABLE = YES;
				IPHONEOS_DEPLOYMENT_TARGET = 8.0;
				MTL_ENABLE_DEBUG_INFO = NO;
				SDKROOT = iphoneos;
				TARGETED_DEVICE_FAMILY = "1,2";
				VALIDATE_PRODUCT = YES;
			};
			name = Release;
		};
		346FB98619EBFA8F00DE38C1 /* Debug */ = {
			isa = XCBuildConfiguration;
			buildSettings = {
				ASSETCATALOG_COMPILER_APPICON_NAME = AppIcon;
				INFOPLIST_FILE = Postcard/Info.plist;
				LD_RUNPATH_SEARCH_PATHS = "$(inherited) @executable_path/Frameworks";
				PRODUCT_NAME = "$(TARGET_NAME)";
			};
			name = Debug;
		};
		346FB98719EBFA8F00DE38C1 /* Release */ = {
			isa = XCBuildConfiguration;
			buildSettings = {
				ASSETCATALOG_COMPILER_APPICON_NAME = AppIcon;
				INFOPLIST_FILE = Postcard/Info.plist;
				LD_RUNPATH_SEARCH_PATHS = "$(inherited) @executable_path/Frameworks";
				PRODUCT_NAME = "$(TARGET_NAME)";
			};
			name = Release;
		};
		346FB98919EBFA8F00DE38C1 /* Debug */ = {
			isa = XCBuildConfiguration;
			buildSettings = {
				BUNDLE_LOADER = "$(TEST_HOST)";
				FRAMEWORK_SEARCH_PATHS = (
					"$(SDKROOT)/Developer/Library/Frameworks",
					"$(inherited)",
				);
				GCC_PREPROCESSOR_DEFINITIONS = (
					"DEBUG=1",
					"$(inherited)",
				);
				INFOPLIST_FILE = PostcardTests/Info.plist;
				LD_RUNPATH_SEARCH_PATHS = "$(inherited) @executable_path/Frameworks @loader_path/Frameworks";
				PRODUCT_NAME = "$(TARGET_NAME)";
				TEST_HOST = "$(BUILT_PRODUCTS_DIR)/Postcard.app/Postcard";
			};
			name = Debug;
		};
		346FB98A19EBFA8F00DE38C1 /* Release */ = {
			isa = XCBuildConfiguration;
			buildSettings = {
				BUNDLE_LOADER = "$(TEST_HOST)";
				FRAMEWORK_SEARCH_PATHS = (
					"$(SDKROOT)/Developer/Library/Frameworks",
					"$(inherited)",
				);
				INFOPLIST_FILE = PostcardTests/Info.plist;
				LD_RUNPATH_SEARCH_PATHS = "$(inherited) @executable_path/Frameworks @loader_path/Frameworks";
				PRODUCT_NAME = "$(TARGET_NAME)";
				TEST_HOST = "$(BUILT_PRODUCTS_DIR)/Postcard.app/Postcard";
			};
			name = Release;
		};
/* End XCBuildConfiguration section */

/* Begin XCConfigurationList section */
		346FB96119EBFA8F00DE38C1 /* Build configuration list for PBXProject "Postcard" */ = {
			isa = XCConfigurationList;
			buildConfigurations = (
				346FB98319EBFA8F00DE38C1 /* Debug */,
				346FB98419EBFA8F00DE38C1 /* Release */,
			);
			defaultConfigurationIsVisible = 0;
			defaultConfigurationName = Release;
		};
		346FB98519EBFA8F00DE38C1 /* Build configuration list for PBXNativeTarget "Postcard" */ = {
			isa = XCConfigurationList;
			buildConfigurations = (
				346FB98619EBFA8F00DE38C1 /* Debug */,
				346FB98719EBFA8F00DE38C1 /* Release */,
			);
			defaultConfigurationIsVisible = 0;
			defaultConfigurationName = Release;
		};
		346FB98819EBFA8F00DE38C1 /* Build configuration list for PBXNativeTarget "PostcardTests" */ = {
			isa = XCConfigurationList;
			buildConfigurations = (
				346FB98919EBFA8F00DE38C1 /* Debug */,
				346FB98A19EBFA8F00DE38C1 /* Release */,
			);
			defaultConfigurationIsVisible = 0;
			defaultConfigurationName = Release;
		};
/* End XCConfigurationList section */
	};
	rootObject = 346FB95E19EBFA8F00DE38C1 /* Project object */;
}
